
Microsoft Visual Studio Solution File, Format Version 12.00
# Visual Studio Version 17
VisualStudioVersion = 17.3.32825.248
MinimumVisualStudioVersion = 10.0.40219.1
Project("{FAE04EC0-301F-11D3-BF4B-00C04F79EFBC}") = "SharkMXEmail", "SharkMXEmail.csproj", "{23BE8AF8-4030-471F-83DB-FCBFFB594DCD}"
EndProject
Global
	GlobalSection(SolutionConfigurationPlatforms) = preSolution
		Debug|Any CPU = Debug|Any CPU
		Release|Any CPU = Release|Any CPU
	EndGlobalSection
	GlobalSection(ProjectConfigurationPlatforms) = postSolution
		{23BE8AF8-4030-471F-83DB-FCBFFB594DCD}.Debug|Any CPU.ActiveCfg = Debug|Any CPU
		{23BE8AF8-4030-471F-83DB-FCBFFB594DCD}.Debug|Any CPU.Build.0 = Debug|Any CPU
		{23BE8AF8-4030-471F-83DB-FCBFFB594DCD}.Release|Any CPU.ActiveCfg = Release|Any CPU
		{23BE8AF8-4030-471F-83DB-FCBFFB594DCD}.Release|Any CPU.Build.0 = Release|Any CPU
	EndGlobalSection
	GlobalSection(SolutionProperties) = preSolution
		HideSolutionNode = FALSE
	EndGlobalSection
	GlobalSection(ExtensibilityGlobals) = postSolution
		SolutionGuid = {D769CA9D-9AEC-4B9E-89BD-DC631E3DD1BC}
	EndGlobalSection
EndGlobal
